
Microsoft Visual Studio Solution File, Format Version 12.00
# Visual Studio Version 16
VisualStudioVersion = 16.0.31112.23
MinimumVisualStudioVersion = 10.0.40219.1
Project("{9A19103F-16F7-4668-BE54-9A1E7A4F7556}") = "WerewolfDataLib", "WerewolfDataLib\WerewolfDataLib.csproj", "{5B53DCD3-1AB1-4CE3-8C52-DF63E93D64A6}"
EndProject
Project("{FAE04EC0-301F-11D3-BF4B-00C04F79EFBC}") = "WerewolfLogicDemo", "WerewolfLogicDemo\WerewolfLogicDemo.csproj", "{D1FF037F-740C-4351-86E2-1424E3C9077E}"
EndProject
Project("{FAE04EC0-301F-11D3-BF4B-00C04F79EFBC}") = "TestWerewolfRoles", "TestWerewolfRoles\TestWerewolfRoles.csproj", "{9140B7BE-9674-49FF-83C9-C2108BB12CA9}"
EndProject
Global
	GlobalSection(SolutionConfigurationPlatforms) = preSolution
		Debug|Any CPU = Debug|Any CPU
		Release|Any CPU = Release|Any CPU
	EndGlobalSection
	GlobalSection(ProjectConfigurationPlatforms) = postSolution
		{5B53DCD3-1AB1-4CE3-8C52-DF63E93D64A6}.Debug|Any CPU.ActiveCfg = Debug|Any CPU
		{5B53DCD3-1AB1-4CE3-8C52-DF63E93D64A6}.Debug|Any CPU.Build.0 = Debug|Any CPU
		{5B53DCD3-1AB1-4CE3-8C52-DF63E93D64A6}.Release|Any CPU.ActiveCfg = Release|Any CPU
		{5B53DCD3-1AB1-4CE3-8C52-DF63E93D64A6}.Release|Any CPU.Build.0 = Release|Any CPU
		{D1FF037F-740C-4351-86E2-1424E3C9077E}.Debug|Any CPU.ActiveCfg = Debug|Any CPU
		{D1FF037F-740C-4351-86E2-1424E3C9077E}.Debug|Any CPU.Build.0 = Debug|Any CPU
		{D1FF037F-740C-4351-86E2-1424E3C9077E}.Release|Any CPU.ActiveCfg = Release|Any CPU
		{D1FF037F-740C-4351-86E2-1424E3C9077E}.Release|Any CPU.Build.0 = Release|Any CPU
		{9140B7BE-9674-49FF-83C9-C2108BB12CA9}.Debug|Any CPU.ActiveCfg = Debug|Any CPU
		{9140B7BE-9674-49FF-83C9-C2108BB12CA9}.Debug|Any CPU.Build.0 = Debug|Any CPU
		{9140B7BE-9674-49FF-83C9-C2108BB12CA9}.Release|Any CPU.ActiveCfg = Release|Any CPU
		{9140B7BE-9674-49FF-83C9-C2108BB12CA9}.Release|Any CPU.Build.0 = Release|Any CPU
	EndGlobalSection
	GlobalSection(SolutionProperties) = preSolution
		HideSolutionNode = FALSE
	EndGlobalSection
	GlobalSection(ExtensibilityGlobals) = postSolution
		SolutionGuid = {67A13B92-14AA-46B3-8FF0-FD3C994C1ACD}
	EndGlobalSection
EndGlobal
